{
  "object": {
    "pins": [
      {
        "package": "Flynn",
        "repositoryURL": "https://github.com/KittyMac/flynn",
        "state": {
          "branch": "ponyrt_v2",
          "revision": "a19c02fcb6b117bfc5ef827d0a5a7997329eaa02",
          "version": null
        }
      }
    ]
  },
  "version": 1
}
