{
  "object": {
    "pins": [
      {
        "package": "Flynn",
        "repositoryURL": "https://github.com/KittyMac/flynn",
        "state": {
          "branch": "master",
          "revision": "38df1679803130ced6c1875f4021724dc622d19e",
          "version": null
        }
      }
    ]
  },
  "version": 1
}
