{
  "object": {
    "pins": [
      {
        "package": "Flynn",
        "repositoryURL": "https://github.com/KittyMac/flynn",
        "state": {
          "branch": null,
          "revision": "1652f525f1edde563ec1e3130514e53f0d0c8066",
          "version": "0.0.1"
        }
      }
    ]
  },
  "version": 1
}
