{
  "object": {
    "pins": [
      {
        "package": "Flynn",
        "repositoryURL": "https://github.com/KittyMac/flynn",
        "state": {
          "branch": null,
          "revision": "fd82673e073eba75bfd2f21ad54076e4fb4dc339",
          "version": "0.0.2"
        }
      }
    ]
  },
  "version": 1
}
