{
  "object": {
    "pins": [
      {
        "package": "Flynn",
        "repositoryURL": "https://github.com/KittyMac/flynn",
        "state": {
          "branch": "master",
          "revision": "0d2c72d57b3cb34e5c382b3a8a74cd9b00feb503",
          "version": null
        }
      }
    ]
  },
  "version": 1
}
