// !$*UTF8*$!
{
	archiveVersion = 1;
	classes = {
	};
	objectVersion = 52;
	objects = {

/* Begin PBXBuildFile section */
		4617ECF2247D66D4008BEACD /* AVLTree.swift in Sources */ = {isa = PBXBuildFile; fileRef = 4617ECF1247D66D4008BEACD /* AVLTree.swift */; };
		4617ECF3247D66D4008BEACD /* AVLTree.swift in Sources */ = {isa = PBXBuildFile; fileRef = 4617ECF1247D66D4008BEACD /* AVLTree.swift */; };
		4622964A246DF14200A3ED6D /* Cutlass.framework in Frameworks */ = {isa = PBXBuildFile; fileRef = 46229640246DF14100A3ED6D /* Cutlass.framework */; };
		4622964F246DF14200A3ED6D /* CutlassTests.swift in Sources */ = {isa = PBXBuildFile; fileRef = 4622964E246DF14200A3ED6D /* CutlassTests.swift */; };
		46229651246DF14200A3ED6D /* Cutlass.h in Headers */ = {isa = PBXBuildFile; fileRef = 46229643246DF14100A3ED6D /* Cutlass.h */; settings = {ATTRIBUTES = (Public, ); }; };
		4628104524759971009F04B3 /* Color.swift in Sources */ = {isa = PBXBuildFile; fileRef = 4628104424759971009F04B3 /* Color.swift */; };
		4628104624759971009F04B3 /* Color.swift in Sources */ = {isa = PBXBuildFile; fileRef = 4628104424759971009F04B3 /* Color.swift */; };
		4641A065247428B9007C85D0 /* Renderer.swift in Sources */ = {isa = PBXBuildFile; fileRef = 4641A064247428B9007C85D0 /* Renderer.swift */; };
		4641A066247428B9007C85D0 /* Renderer.swift in Sources */ = {isa = PBXBuildFile; fileRef = 4641A064247428B9007C85D0 /* Renderer.swift */; };
		4641A0A524745778007C85D0 /* CutlassView-iOS.swift in Sources */ = {isa = PBXBuildFile; fileRef = 4641A0A424745778007C85D0 /* CutlassView-iOS.swift */; };
		4641A0A72474577E007C85D0 /* CutlassView-macOS.swift in Sources */ = {isa = PBXBuildFile; fileRef = 4641A0A62474577E007C85D0 /* CutlassView-macOS.swift */; };
		4641A0AC2474583D007C85D0 /* Flat.metal in Sources */ = {isa = PBXBuildFile; fileRef = 4641A0A92474583D007C85D0 /* Flat.metal */; };
		4641A0AD2474583D007C85D0 /* Flat.metal in Sources */ = {isa = PBXBuildFile; fileRef = 4641A0A92474583D007C85D0 /* Flat.metal */; };
		4641A0AE2474583D007C85D0 /* SDF.metal in Sources */ = {isa = PBXBuildFile; fileRef = 4641A0AA2474583D007C85D0 /* SDF.metal */; };
		4641A0AF2474583D007C85D0 /* SDF.metal in Sources */ = {isa = PBXBuildFile; fileRef = 4641A0AA2474583D007C85D0 /* SDF.metal */; };
		4641A0B02474583D007C85D0 /* Textured.metal in Sources */ = {isa = PBXBuildFile; fileRef = 4641A0AB2474583D007C85D0 /* Textured.metal */; };
		4641A0B12474583D007C85D0 /* Textured.metal in Sources */ = {isa = PBXBuildFile; fileRef = 4641A0AB2474583D007C85D0 /* Textured.metal */; };
		4641A0D32474DB26007C85D0 /* BitUtils.h in Headers */ = {isa = PBXBuildFile; fileRef = 4641A0B32474DB26007C85D0 /* BitUtils.h */; };
		4641A0D42474DB26007C85D0 /* BitUtils.h in Headers */ = {isa = PBXBuildFile; fileRef = 4641A0B32474DB26007C85D0 /* BitUtils.h */; };
		4641A0D52474DB26007C85D0 /* CompactValue.h in Headers */ = {isa = PBXBuildFile; fileRef = 4641A0B42474DB26007C85D0 /* CompactValue.h */; };
		4641A0D62474DB26007C85D0 /* CompactValue.h in Headers */ = {isa = PBXBuildFile; fileRef = 4641A0B42474DB26007C85D0 /* CompactValue.h */; };
		4641A0D72474DB26007C85D0 /* event.cpp in Sources */ = {isa = PBXBuildFile; fileRef = 4641A0B62474DB26007C85D0 /* event.cpp */; };
		4641A0D82474DB26007C85D0 /* event.cpp in Sources */ = {isa = PBXBuildFile; fileRef = 4641A0B62474DB26007C85D0 /* event.cpp */; };
		4641A0D92474DB26007C85D0 /* event.h in Headers */ = {isa = PBXBuildFile; fileRef = 4641A0B72474DB26007C85D0 /* event.h */; };
		4641A0DA2474DB26007C85D0 /* event.h in Headers */ = {isa = PBXBuildFile; fileRef = 4641A0B72474DB26007C85D0 /* event.h */; };
		4641A0DB2474DB26007C85D0 /* experiments-inl.h in Headers */ = {isa = PBXBuildFile; fileRef = 4641A0B92474DB26007C85D0 /* experiments-inl.h */; };
		4641A0DC2474DB26007C85D0 /* experiments-inl.h in Headers */ = {isa = PBXBuildFile; fileRef = 4641A0B92474DB26007C85D0 /* experiments-inl.h */; };
		4641A0DD2474DB26007C85D0 /* experiments.cpp in Sources */ = {isa = PBXBuildFile; fileRef = 4641A0BA2474DB26007C85D0 /* experiments.cpp */; };
		4641A0DE2474DB26007C85D0 /* experiments.cpp in Sources */ = {isa = PBXBuildFile; fileRef = 4641A0BA2474DB26007C85D0 /* experiments.cpp */; };
		4641A0DF2474DB26007C85D0 /* experiments.h in Headers */ = {isa = PBXBuildFile; fileRef = 4641A0BB2474DB26007C85D0 /* experiments.h */; };
		4641A0E02474DB26007C85D0 /* experiments.h in Headers */ = {isa = PBXBuildFile; fileRef = 4641A0BB2474DB26007C85D0 /* experiments.h */; };
		4641A0E12474DB26007C85D0 /* log.cpp in Sources */ = {isa = PBXBuildFile; fileRef = 4641A0BC2474DB26007C85D0 /* log.cpp */; };
		4641A0E22474DB26007C85D0 /* log.cpp in Sources */ = {isa = PBXBuildFile; fileRef = 4641A0BC2474DB26007C85D0 /* log.cpp */; };
		4641A0E32474DB26007C85D0 /* log.h in Headers */ = {isa = PBXBuildFile; fileRef = 4641A0BD2474DB26007C85D0 /* log.h */; };
		4641A0E42474DB26007C85D0 /* log.h in Headers */ = {isa = PBXBuildFile; fileRef = 4641A0BD2474DB26007C85D0 /* log.h */; };
		4641A0E52474DB26007C85D0 /* Utils.cpp in Sources */ = {isa = PBXBuildFile; fileRef = 4641A0BE2474DB26007C85D0 /* Utils.cpp */; };
		4641A0E62474DB26007C85D0 /* Utils.cpp in Sources */ = {isa = PBXBuildFile; fileRef = 4641A0BE2474DB26007C85D0 /* Utils.cpp */; };
		4641A0E72474DB26007C85D0 /* Utils.h in Headers */ = {isa = PBXBuildFile; fileRef = 4641A0BF2474DB26007C85D0 /* Utils.h */; };
		4641A0E82474DB26007C85D0 /* Utils.h in Headers */ = {isa = PBXBuildFile; fileRef = 4641A0BF2474DB26007C85D0 /* Utils.h */; };
		4641A0E92474DB26007C85D0 /* YGConfig.cpp in Sources */ = {isa = PBXBuildFile; fileRef = 4641A0C02474DB26007C85D0 /* YGConfig.cpp */; };
		4641A0EA2474DB26007C85D0 /* YGConfig.cpp in Sources */ = {isa = PBXBuildFile; fileRef = 4641A0C02474DB26007C85D0 /* YGConfig.cpp */; };
		4641A0EB2474DB26007C85D0 /* YGConfig.h in Headers */ = {isa = PBXBuildFile; fileRef = 4641A0C12474DB26007C85D0 /* YGConfig.h */; };
		4641A0EC2474DB26007C85D0 /* YGConfig.h in Headers */ = {isa = PBXBuildFile; fileRef = 4641A0C12474DB26007C85D0 /* YGConfig.h */; };
		4641A0ED2474DB26007C85D0 /* YGEnums.cpp in Sources */ = {isa = PBXBuildFile; fileRef = 4641A0C22474DB26007C85D0 /* YGEnums.cpp */; };
		4641A0EE2474DB26007C85D0 /* YGEnums.cpp in Sources */ = {isa = PBXBuildFile; fileRef = 4641A0C22474DB26007C85D0 /* YGEnums.cpp */; };
		4641A0EF2474DB26007C85D0 /* YGEnums.h in Headers */ = {isa = PBXBuildFile; fileRef = 4641A0C32474DB26007C85D0 /* YGEnums.h */; settings = {ATTRIBUTES = (Private, ); }; };
		4641A0F02474DB26007C85D0 /* YGEnums.h in Headers */ = {isa = PBXBuildFile; fileRef = 4641A0C32474DB26007C85D0 /* YGEnums.h */; settings = {ATTRIBUTES = (Private, ); }; };
		4641A0F12474DB26007C85D0 /* YGFloatOptional.h in Headers */ = {isa = PBXBuildFile; fileRef = 4641A0C42474DB26007C85D0 /* YGFloatOptional.h */; };
		4641A0F22474DB26007C85D0 /* YGFloatOptional.h in Headers */ = {isa = PBXBuildFile; fileRef = 4641A0C42474DB26007C85D0 /* YGFloatOptional.h */; };
		4641A0F32474DB26007C85D0 /* YGLayout.cpp in Sources */ = {isa = PBXBuildFile; fileRef = 4641A0C52474DB26007C85D0 /* YGLayout.cpp */; };
		4641A0F42474DB26007C85D0 /* YGLayout.cpp in Sources */ = {isa = PBXBuildFile; fileRef = 4641A0C52474DB26007C85D0 /* YGLayout.cpp */; };
		4641A0F52474DB26007C85D0 /* YGLayout.h in Headers */ = {isa = PBXBuildFile; fileRef = 4641A0C62474DB26007C85D0 /* YGLayout.h */; };
		4641A0F62474DB26007C85D0 /* YGLayout.h in Headers */ = {isa = PBXBuildFile; fileRef = 4641A0C62474DB26007C85D0 /* YGLayout.h */; };
		4641A0F72474DB26007C85D0 /* YGMacros.h in Headers */ = {isa = PBXBuildFile; fileRef = 4641A0C72474DB26007C85D0 /* YGMacros.h */; settings = {ATTRIBUTES = (Private, ); }; };
		4641A0F82474DB26007C85D0 /* YGMacros.h in Headers */ = {isa = PBXBuildFile; fileRef = 4641A0C72474DB26007C85D0 /* YGMacros.h */; settings = {ATTRIBUTES = (Private, ); }; };
		4641A0F92474DB26007C85D0 /* YGNode.cpp in Sources */ = {isa = PBXBuildFile; fileRef = 4641A0C82474DB26007C85D0 /* YGNode.cpp */; };
		4641A0FA2474DB26007C85D0 /* YGNode.cpp in Sources */ = {isa = PBXBuildFile; fileRef = 4641A0C82474DB26007C85D0 /* YGNode.cpp */; };
		4641A0FB2474DB26007C85D0 /* YGNode.h in Headers */ = {isa = PBXBuildFile; fileRef = 4641A0C92474DB26007C85D0 /* YGNode.h */; };
		4641A0FC2474DB26007C85D0 /* YGNode.h in Headers */ = {isa = PBXBuildFile; fileRef = 4641A0C92474DB26007C85D0 /* YGNode.h */; };
		4641A0FD2474DB26007C85D0 /* YGNodePrint.cpp in Sources */ = {isa = PBXBuildFile; fileRef = 4641A0CA2474DB26007C85D0 /* YGNodePrint.cpp */; };
		4641A0FE2474DB26007C85D0 /* YGNodePrint.cpp in Sources */ = {isa = PBXBuildFile; fileRef = 4641A0CA2474DB26007C85D0 /* YGNodePrint.cpp */; };
		4641A0FF2474DB26007C85D0 /* YGNodePrint.h in Headers */ = {isa = PBXBuildFile; fileRef = 4641A0CB2474DB26007C85D0 /* YGNodePrint.h */; };
		4641A1002474DB26007C85D0 /* YGNodePrint.h in Headers */ = {isa = PBXBuildFile; fileRef = 4641A0CB2474DB26007C85D0 /* YGNodePrint.h */; };
		4641A1012474DB26007C85D0 /* YGStyle.cpp in Sources */ = {isa = PBXBuildFile; fileRef = 4641A0CC2474DB26007C85D0 /* YGStyle.cpp */; };
		4641A1022474DB26007C85D0 /* YGStyle.cpp in Sources */ = {isa = PBXBuildFile; fileRef = 4641A0CC2474DB26007C85D0 /* YGStyle.cpp */; };
		4641A1032474DB26007C85D0 /* YGStyle.h in Headers */ = {isa = PBXBuildFile; fileRef = 4641A0CD2474DB26007C85D0 /* YGStyle.h */; };
		4641A1042474DB26007C85D0 /* YGStyle.h in Headers */ = {isa = PBXBuildFile; fileRef = 4641A0CD2474DB26007C85D0 /* YGStyle.h */; };
		4641A1052474DB26007C85D0 /* YGValue.cpp in Sources */ = {isa = PBXBuildFile; fileRef = 4641A0CE2474DB26007C85D0 /* YGValue.cpp */; };
		4641A1062474DB26007C85D0 /* YGValue.cpp in Sources */ = {isa = PBXBuildFile; fileRef = 4641A0CE2474DB26007C85D0 /* YGValue.cpp */; };
		4641A1072474DB26007C85D0 /* YGValue.h in Headers */ = {isa = PBXBuildFile; fileRef = 4641A0CF2474DB26007C85D0 /* YGValue.h */; settings = {ATTRIBUTES = (Private, ); }; };
		4641A1082474DB26007C85D0 /* YGValue.h in Headers */ = {isa = PBXBuildFile; fileRef = 4641A0CF2474DB26007C85D0 /* YGValue.h */; settings = {ATTRIBUTES = (Private, ); }; };
		4641A1092474DB26007C85D0 /* Yoga-internal.h in Headers */ = {isa = PBXBuildFile; fileRef = 4641A0D02474DB26007C85D0 /* Yoga-internal.h */; };
		4641A10A2474DB26007C85D0 /* Yoga-internal.h in Headers */ = {isa = PBXBuildFile; fileRef = 4641A0D02474DB26007C85D0 /* Yoga-internal.h */; };
		4641A10B2474DB26007C85D0 /* Yoga.cpp in Sources */ = {isa = PBXBuildFile; fileRef = 4641A0D12474DB26007C85D0 /* Yoga.cpp */; };
		4641A10C2474DB26007C85D0 /* Yoga.cpp in Sources */ = {isa = PBXBuildFile; fileRef = 4641A0D12474DB26007C85D0 /* Yoga.cpp */; };
		4641A10D2474DB26007C85D0 /* Yoga.h in Headers */ = {isa = PBXBuildFile; fileRef = 4641A0D22474DB26007C85D0 /* Yoga.h */; settings = {ATTRIBUTES = (Private, ); }; };
		4641A10E2474DB26007C85D0 /* Yoga.h in Headers */ = {isa = PBXBuildFile; fileRef = 4641A0D22474DB26007C85D0 /* Yoga.h */; settings = {ATTRIBUTES = (Private, ); }; };
		4641A1112474DD4B007C85D0 /* Yoga.swift in Sources */ = {isa = PBXBuildFile; fileRef = 4641A1102474DD4B007C85D0 /* Yoga.swift */; };
		4641A1122474DD4B007C85D0 /* Yoga.swift in Sources */ = {isa = PBXBuildFile; fileRef = 4641A1102474DD4B007C85D0 /* Yoga.swift */; };
		4648EDB42478389B00189563 /* GLKitExtension.swift in Sources */ = {isa = PBXBuildFile; fileRef = 4648EDB32478389B00189563 /* GLKitExtension.swift */; };
		4648EDB52478389B00189563 /* GLKitExtension.swift in Sources */ = {isa = PBXBuildFile; fileRef = 4648EDB32478389B00189563 /* GLKitExtension.swift */; };
		4648EDB724783B8C00189563 /* Colorable.swift in Sources */ = {isa = PBXBuildFile; fileRef = 4648EDB624783B8C00189563 /* Colorable.swift */; };
		4648EDB824783B8C00189563 /* Colorable.swift in Sources */ = {isa = PBXBuildFile; fileRef = 4648EDB624783B8C00189563 /* Colorable.swift */; };
		46615201247338E100F87A9B /* Cutlass.framework in Frameworks */ = {isa = PBXBuildFile; fileRef = 466151F024731BE300F87A9B /* Cutlass.framework */; platformFilter = ios; };
		46615207247338F700F87A9B /* CutlassTests.swift in Sources */ = {isa = PBXBuildFile; fileRef = 4622964E246DF14200A3ED6D /* CutlassTests.swift */; platformFilter = ios; };
		4661520F24733A6800F87A9B /* AppDelegate.swift in Sources */ = {isa = PBXBuildFile; fileRef = 4661520E24733A6800F87A9B /* AppDelegate.swift */; };
		4661521524733A6A00F87A9B /* Assets.xcassets in Resources */ = {isa = PBXBuildFile; fileRef = 4661521424733A6A00F87A9B /* Assets.xcassets */; };
		4661521824733A6A00F87A9B /* Preview Assets.xcassets in Resources */ = {isa = PBXBuildFile; fileRef = 4661521724733A6A00F87A9B /* Preview Assets.xcassets */; };
		4661521B24733A6A00F87A9B /* LaunchScreen.storyboard in Resources */ = {isa = PBXBuildFile; fileRef = 4661521924733A6A00F87A9B /* LaunchScreen.storyboard */; };
		4661522424733BD100F87A9B /* Cutlass.h in Headers */ = {isa = PBXBuildFile; fileRef = 46229643246DF14100A3ED6D /* Cutlass.h */; settings = {ATTRIBUTES = (Public, ); }; };
		4662A30A247E0BD3004374A4 /* String+Bundle.swift in Sources */ = {isa = PBXBuildFile; fileRef = 4662A309247E0BD3004374A4 /* String+Bundle.swift */; };
		4662A30B247E0BD3004374A4 /* String+Bundle.swift in Sources */ = {isa = PBXBuildFile; fileRef = 4662A309247E0BD3004374A4 /* String+Bundle.swift */; };
		4662A30D247E0CE7004374A4 /* Imageable.swift in Sources */ = {isa = PBXBuildFile; fileRef = 4662A30C247E0CE7004374A4 /* Imageable.swift */; };
		4662A30E247E0CE7004374A4 /* Imageable.swift in Sources */ = {isa = PBXBuildFile; fileRef = 4662A30C247E0CE7004374A4 /* Imageable.swift */; };
		4662A310247E0CEB004374A4 /* Image.swift in Sources */ = {isa = PBXBuildFile; fileRef = 4662A30F247E0CEB004374A4 /* Image.swift */; };
		4662A311247E0CEB004374A4 /* Image.swift in Sources */ = {isa = PBXBuildFile; fileRef = 4662A30F247E0CEB004374A4 /* Image.swift */; };
		46B8A333248E03830076973B /* Flynn in Frameworks */ = {isa = PBXBuildFile; productRef = 46B8A332248E03830076973B /* Flynn */; };
		46B8A335248E038B0076973B /* Flynn in Frameworks */ = {isa = PBXBuildFile; productRef = 46B8A334248E038B0076973B /* Flynn */; };
		46C3D6162476E22100F8DC58 /* RenderUnit.swift in Sources */ = {isa = PBXBuildFile; fileRef = 46C3D6152476E22100F8DC58 /* RenderUnit.swift */; };
		46C3D6172476E22100F8DC58 /* RenderUnit.swift in Sources */ = {isa = PBXBuildFile; fileRef = 46C3D6152476E22100F8DC58 /* RenderUnit.swift */; };
		46C3D6192476E30900F8DC58 /* RenderFrameContext.swift in Sources */ = {isa = PBXBuildFile; fileRef = 46C3D6182476E30900F8DC58 /* RenderFrameContext.swift */; };
		46C3D61A2476E30900F8DC58 /* RenderFrameContext.swift in Sources */ = {isa = PBXBuildFile; fileRef = 46C3D6182476E30900F8DC58 /* RenderFrameContext.swift */; };
		46C3D61E24770C0F00F8DC58 /* Geometry.swift in Sources */ = {isa = PBXBuildFile; fileRef = 46C3D61C24770C0F00F8DC58 /* Geometry.swift */; };
		46C3D61F24770C0F00F8DC58 /* Geometry.swift in Sources */ = {isa = PBXBuildFile; fileRef = 46C3D61C24770C0F00F8DC58 /* Geometry.swift */; };
		46C3D62024770C0F00F8DC58 /* BufferedGeometry.swift in Sources */ = {isa = PBXBuildFile; fileRef = 46C3D61D24770C0F00F8DC58 /* BufferedGeometry.swift */; };
		46C3D62124770C0F00F8DC58 /* BufferedGeometry.swift in Sources */ = {isa = PBXBuildFile; fileRef = 46C3D61D24770C0F00F8DC58 /* BufferedGeometry.swift */; };
		46C3D62324770DEB00F8DC58 /* FloatAlignedArray.swift in Sources */ = {isa = PBXBuildFile; fileRef = 46C3D62224770DEB00F8DC58 /* FloatAlignedArray.swift */; };
		46C3D62424770DEB00F8DC58 /* FloatAlignedArray.swift in Sources */ = {isa = PBXBuildFile; fileRef = 46C3D62224770DEB00F8DC58 /* FloatAlignedArray.swift */; };
		46E85CB22475AF1F0030E7CD /* Viewable.swift in Sources */ = {isa = PBXBuildFile; fileRef = 46E85CB12475AF1F0030E7CD /* Viewable.swift */; };
		46E85CB32475AF1F0030E7CD /* Viewable.swift in Sources */ = {isa = PBXBuildFile; fileRef = 46E85CB12475AF1F0030E7CD /* Viewable.swift */; };
		46F7BFCC248005CE00D63DA5 /* Eventable.swift in Sources */ = {isa = PBXBuildFile; fileRef = 46F7BFCB248005CE00D63DA5 /* Eventable.swift */; };
		46F7BFCD248005CE00D63DA5 /* Eventable.swift in Sources */ = {isa = PBXBuildFile; fileRef = 46F7BFCB248005CE00D63DA5 /* Eventable.swift */; };
		46F7BFCF248036D200D63DA5 /* NumericType.swift in Sources */ = {isa = PBXBuildFile; fileRef = 46F7BFCE248036D200D63DA5 /* NumericType.swift */; };
		46F7BFD0248036D200D63DA5 /* NumericType.swift in Sources */ = {isa = PBXBuildFile; fileRef = 46F7BFCE248036D200D63DA5 /* NumericType.swift */; };
		46F7BFD3248036F200D63DA5 /* Percentage.swift in Sources */ = {isa = PBXBuildFile; fileRef = 46F7BFD1248036F200D63DA5 /* Percentage.swift */; };
		46F7BFD4248036F200D63DA5 /* Percentage.swift in Sources */ = {isa = PBXBuildFile; fileRef = 46F7BFD1248036F200D63DA5 /* Percentage.swift */; };
/* End PBXBuildFile section */

/* Begin PBXContainerItemProxy section */
		4622964B246DF14200A3ED6D /* PBXContainerItemProxy */ = {
			isa = PBXContainerItemProxy;
			containerPortal = 46229637246DF14100A3ED6D /* Project object */;
			proxyType = 1;
			remoteGlobalIDString = 4622963F246DF14100A3ED6D;
			remoteInfo = Cutlass;
		};
		46615202247338E100F87A9B /* PBXContainerItemProxy */ = {
			isa = PBXContainerItemProxy;
			containerPortal = 46229637246DF14100A3ED6D /* Project object */;
			proxyType = 1;
			remoteGlobalIDString = 466151EF24731BE300F87A9B;
			remoteInfo = "Cutlass-iOS";
		};
		4661522024733A7000F87A9B /* PBXContainerItemProxy */ = {
			isa = PBXContainerItemProxy;
			containerPortal = 46229637246DF14100A3ED6D /* Project object */;
			proxyType = 1;
			remoteGlobalIDString = 4661520B24733A6800F87A9B;
			remoteInfo = TestHost;
		};
/* End PBXContainerItemProxy section */

/* Begin PBXCopyFilesBuildPhase section */
		4617ECF8247DB779008BEACD /* Embed Frameworks */ = {
			isa = PBXCopyFilesBuildPhase;
			buildActionMask = 2147483647;
			dstPath = "";
			dstSubfolderSpec = 10;
			files = (
			);
			name = "Embed Frameworks";
			runOnlyForDeploymentPostprocessing = 0;
		};
		462810592475A49F009F04B3 /* Embed Frameworks */ = {
			isa = PBXCopyFilesBuildPhase;
			buildActionMask = 2147483647;
			dstPath = "";
			dstSubfolderSpec = 10;
			files = (
			);
			name = "Embed Frameworks";
			runOnlyForDeploymentPostprocessing = 0;
		};
		46E85CC82475D6170030E7CD /* Embed Frameworks */ = {
			isa = PBXCopyFilesBuildPhase;
			buildActionMask = 2147483647;
			dstPath = "";
			dstSubfolderSpec = 10;
			files = (
			);
			name = "Embed Frameworks";
			runOnlyForDeploymentPostprocessing = 0;
		};
/* End PBXCopyFilesBuildPhase section */

/* Begin PBXFileReference section */
		4617ECF1247D66D4008BEACD /* AVLTree.swift */ = {isa = PBXFileReference; fileEncoding = 4; lastKnownFileType = sourcecode.swift; path = AVLTree.swift; sourceTree = "<group>"; };
		46229640246DF14100A3ED6D /* Cutlass.framework */ = {isa = PBXFileReference; explicitFileType = wrapper.framework; includeInIndex = 0; path = Cutlass.framework; sourceTree = BUILT_PRODUCTS_DIR; };
		46229643246DF14100A3ED6D /* Cutlass.h */ = {isa = PBXFileReference; lastKnownFileType = sourcecode.c.h; path = Cutlass.h; sourceTree = "<group>"; };
		46229644246DF14100A3ED6D /* Info.plist */ = {isa = PBXFileReference; lastKnownFileType = text.plist.xml; path = Info.plist; sourceTree = "<group>"; };
		46229649246DF14200A3ED6D /* CutlassTests-macOS.xctest */ = {isa = PBXFileReference; explicitFileType = wrapper.cfbundle; includeInIndex = 0; path = "CutlassTests-macOS.xctest"; sourceTree = BUILT_PRODUCTS_DIR; };
		4622964E246DF14200A3ED6D /* CutlassTests.swift */ = {isa = PBXFileReference; lastKnownFileType = sourcecode.swift; path = CutlassTests.swift; sourceTree = "<group>"; };
		46229650246DF14200A3ED6D /* Info.plist */ = {isa = PBXFileReference; lastKnownFileType = text.plist.xml; path = Info.plist; sourceTree = "<group>"; };
		4628104424759971009F04B3 /* Color.swift */ = {isa = PBXFileReference; lastKnownFileType = sourcecode.swift; path = Color.swift; sourceTree = "<group>"; };
		4641A064247428B9007C85D0 /* Renderer.swift */ = {isa = PBXFileReference; lastKnownFileType = sourcecode.swift; path = Renderer.swift; sourceTree = "<group>"; };
		4641A0A424745778007C85D0 /* CutlassView-iOS.swift */ = {isa = PBXFileReference; fileEncoding = 4; lastKnownFileType = sourcecode.swift; path = "CutlassView-iOS.swift"; sourceTree = "<group>"; };
		4641A0A62474577E007C85D0 /* CutlassView-macOS.swift */ = {isa = PBXFileReference; fileEncoding = 4; lastKnownFileType = sourcecode.swift; path = "CutlassView-macOS.swift"; sourceTree = "<group>"; };
		4641A0A92474583D007C85D0 /* Flat.metal */ = {isa = PBXFileReference; fileEncoding = 4; lastKnownFileType = sourcecode.metal; path = Flat.metal; sourceTree = "<group>"; };
		4641A0AA2474583D007C85D0 /* SDF.metal */ = {isa = PBXFileReference; fileEncoding = 4; lastKnownFileType = sourcecode.metal; path = SDF.metal; sourceTree = "<group>"; };
		4641A0AB2474583D007C85D0 /* Textured.metal */ = {isa = PBXFileReference; fileEncoding = 4; lastKnownFileType = sourcecode.metal; path = Textured.metal; sourceTree = "<group>"; };
		4641A0B32474DB26007C85D0 /* BitUtils.h */ = {isa = PBXFileReference; fileEncoding = 4; lastKnownFileType = sourcecode.c.h; path = BitUtils.h; sourceTree = "<group>"; };
		4641A0B42474DB26007C85D0 /* CompactValue.h */ = {isa = PBXFileReference; fileEncoding = 4; lastKnownFileType = sourcecode.c.h; path = CompactValue.h; sourceTree = "<group>"; };
		4641A0B62474DB26007C85D0 /* event.cpp */ = {isa = PBXFileReference; fileEncoding = 4; lastKnownFileType = sourcecode.cpp.cpp; path = event.cpp; sourceTree = "<group>"; };
		4641A0B72474DB26007C85D0 /* event.h */ = {isa = PBXFileReference; fileEncoding = 4; lastKnownFileType = sourcecode.c.h; path = event.h; sourceTree = "<group>"; };
		4641A0B92474DB26007C85D0 /* experiments-inl.h */ = {isa = PBXFileReference; fileEncoding = 4; lastKnownFileType = sourcecode.c.h; path = "experiments-inl.h"; sourceTree = "<group>"; };
		4641A0BA2474DB26007C85D0 /* experiments.cpp */ = {isa = PBXFileReference; fileEncoding = 4; lastKnownFileType = sourcecode.cpp.cpp; path = experiments.cpp; sourceTree = "<group>"; };
		4641A0BB2474DB26007C85D0 /* experiments.h */ = {isa = PBXFileReference; fileEncoding = 4; lastKnownFileType = sourcecode.c.h; path = experiments.h; sourceTree = "<group>"; };
		4641A0BC2474DB26007C85D0 /* log.cpp */ = {isa = PBXFileReference; fileEncoding = 4; lastKnownFileType = sourcecode.cpp.cpp; path = log.cpp; sourceTree = "<group>"; };
		4641A0BD2474DB26007C85D0 /* log.h */ = {isa = PBXFileReference; fileEncoding = 4; lastKnownFileType = sourcecode.c.h; path = log.h; sourceTree = "<group>"; };
		4641A0BE2474DB26007C85D0 /* Utils.cpp */ = {isa = PBXFileReference; fileEncoding = 4; lastKnownFileType = sourcecode.cpp.cpp; path = Utils.cpp; sourceTree = "<group>"; };
		4641A0BF2474DB26007C85D0 /* Utils.h */ = {isa = PBXFileReference; fileEncoding = 4; lastKnownFileType = sourcecode.c.h; path = Utils.h; sourceTree = "<group>"; };
		4641A0C02474DB26007C85D0 /* YGConfig.cpp */ = {isa = PBXFileReference; fileEncoding = 4; lastKnownFileType = sourcecode.cpp.cpp; path = YGConfig.cpp; sourceTree = "<group>"; };
		4641A0C12474DB26007C85D0 /* YGConfig.h */ = {isa = PBXFileReference; fileEncoding = 4; lastKnownFileType = sourcecode.c.h; path = YGConfig.h; sourceTree = "<group>"; };
		4641A0C22474DB26007C85D0 /* YGEnums.cpp */ = {isa = PBXFileReference; fileEncoding = 4; lastKnownFileType = sourcecode.cpp.cpp; path = YGEnums.cpp; sourceTree = "<group>"; };
		4641A0C32474DB26007C85D0 /* YGEnums.h */ = {isa = PBXFileReference; fileEncoding = 4; lastKnownFileType = sourcecode.c.h; path = YGEnums.h; sourceTree = "<group>"; };
		4641A0C42474DB26007C85D0 /* YGFloatOptional.h */ = {isa = PBXFileReference; fileEncoding = 4; lastKnownFileType = sourcecode.c.h; path = YGFloatOptional.h; sourceTree = "<group>"; };
		4641A0C52474DB26007C85D0 /* YGLayout.cpp */ = {isa = PBXFileReference; fileEncoding = 4; lastKnownFileType = sourcecode.cpp.cpp; path = YGLayout.cpp; sourceTree = "<group>"; };
		4641A0C62474DB26007C85D0 /* YGLayout.h */ = {isa = PBXFileReference; fileEncoding = 4; lastKnownFileType = sourcecode.c.h; path = YGLayout.h; sourceTree = "<group>"; };
		4641A0C72474DB26007C85D0 /* YGMacros.h */ = {isa = PBXFileReference; fileEncoding = 4; lastKnownFileType = sourcecode.c.h; path = YGMacros.h; sourceTree = "<group>"; };
		4641A0C82474DB26007C85D0 /* YGNode.cpp */ = {isa = PBXFileReference; fileEncoding = 4; lastKnownFileType = sourcecode.cpp.cpp; path = YGNode.cpp; sourceTree = "<group>"; };
		4641A0C92474DB26007C85D0 /* YGNode.h */ = {isa = PBXFileReference; fileEncoding = 4; lastKnownFileType = sourcecode.c.h; path = YGNode.h; sourceTree = "<group>"; };
		4641A0CA2474DB26007C85D0 /* YGNodePrint.cpp */ = {isa = PBXFileReference; fileEncoding = 4; lastKnownFileType = sourcecode.cpp.cpp; path = YGNodePrint.cpp; sourceTree = "<group>"; };
		4641A0CB2474DB26007C85D0 /* YGNodePrint.h */ = {isa = PBXFileReference; fileEncoding = 4; lastKnownFileType = sourcecode.c.h; path = YGNodePrint.h; sourceTree = "<group>"; };
		4641A0CC2474DB26007C85D0 /* YGStyle.cpp */ = {isa = PBXFileReference; fileEncoding = 4; lastKnownFileType = sourcecode.cpp.cpp; path = YGStyle.cpp; sourceTree = "<group>"; };
		4641A0CD2474DB26007C85D0 /* YGStyle.h */ = {isa = PBXFileReference; fileEncoding = 4; lastKnownFileType = sourcecode.c.h; path = YGStyle.h; sourceTree = "<group>"; };
		4641A0CE2474DB26007C85D0 /* YGValue.cpp */ = {isa = PBXFileReference; fileEncoding = 4; lastKnownFileType = sourcecode.cpp.cpp; path = YGValue.cpp; sourceTree = "<group>"; };
		4641A0CF2474DB26007C85D0 /* YGValue.h */ = {isa = PBXFileReference; fileEncoding = 4; lastKnownFileType = sourcecode.c.h; path = YGValue.h; sourceTree = "<group>"; };
		4641A0D02474DB26007C85D0 /* Yoga-internal.h */ = {isa = PBXFileReference; fileEncoding = 4; lastKnownFileType = sourcecode.c.h; path = "Yoga-internal.h"; sourceTree = "<group>"; };
		4641A0D12474DB26007C85D0 /* Yoga.cpp */ = {isa = PBXFileReference; fileEncoding = 4; lastKnownFileType = sourcecode.cpp.cpp; path = Yoga.cpp; sourceTree = "<group>"; };
		4641A0D22474DB26007C85D0 /* Yoga.h */ = {isa = PBXFileReference; fileEncoding = 4; lastKnownFileType = sourcecode.c.h; path = Yoga.h; sourceTree = "<group>"; };
		4641A1102474DD4B007C85D0 /* Yoga.swift */ = {isa = PBXFileReference; lastKnownFileType = sourcecode.swift; path = Yoga.swift; sourceTree = "<group>"; };
		4648EDB32478389B00189563 /* GLKitExtension.swift */ = {isa = PBXFileReference; fileEncoding = 4; lastKnownFileType = sourcecode.swift; path = GLKitExtension.swift; sourceTree = "<group>"; };
		4648EDB624783B8C00189563 /* Colorable.swift */ = {isa = PBXFileReference; fileEncoding = 4; lastKnownFileType = sourcecode.swift; path = Colorable.swift; sourceTree = "<group>"; };
		466151F024731BE300F87A9B /* Cutlass.framework */ = {isa = PBXFileReference; explicitFileType = wrapper.framework; includeInIndex = 0; path = Cutlass.framework; sourceTree = BUILT_PRODUCTS_DIR; };
		466151F324731BE300F87A9B /* Info.plist */ = {isa = PBXFileReference; lastKnownFileType = text.plist.xml; path = Info.plist; sourceTree = "<group>"; };
		466151FC247338E100F87A9B /* CutlassTests-iOS.xctest */ = {isa = PBXFileReference; explicitFileType = wrapper.cfbundle; includeInIndex = 0; path = "CutlassTests-iOS.xctest"; sourceTree = BUILT_PRODUCTS_DIR; };
		4661520C24733A6800F87A9B /* TestHost.app */ = {isa = PBXFileReference; explicitFileType = wrapper.application; includeInIndex = 0; path = TestHost.app; sourceTree = BUILT_PRODUCTS_DIR; };
		4661520E24733A6800F87A9B /* AppDelegate.swift */ = {isa = PBXFileReference; lastKnownFileType = sourcecode.swift; path = AppDelegate.swift; sourceTree = "<group>"; };
		4661521424733A6A00F87A9B /* Assets.xcassets */ = {isa = PBXFileReference; lastKnownFileType = folder.assetcatalog; path = Assets.xcassets; sourceTree = "<group>"; };
		4661521724733A6A00F87A9B /* Preview Assets.xcassets */ = {isa = PBXFileReference; lastKnownFileType = folder.assetcatalog; path = "Preview Assets.xcassets"; sourceTree = "<group>"; };
		4661521A24733A6A00F87A9B /* Base */ = {isa = PBXFileReference; lastKnownFileType = file.storyboard; name = Base; path = Base.lproj/LaunchScreen.storyboard; sourceTree = "<group>"; };
		4661521C24733A6A00F87A9B /* Info.plist */ = {isa = PBXFileReference; lastKnownFileType = text.plist.xml; path = Info.plist; sourceTree = "<group>"; };
		4661522224733B4000F87A9B /* Cutlass.modulemap */ = {isa = PBXFileReference; lastKnownFileType = "sourcecode.module-map"; path = Cutlass.modulemap; sourceTree = "<group>"; };
		4662A309247E0BD3004374A4 /* String+Bundle.swift */ = {isa = PBXFileReference; fileEncoding = 4; lastKnownFileType = sourcecode.swift; path = "String+Bundle.swift"; sourceTree = "<group>"; };
		4662A30C247E0CE7004374A4 /* Imageable.swift */ = {isa = PBXFileReference; fileEncoding = 4; lastKnownFileType = sourcecode.swift; path = Imageable.swift; sourceTree = "<group>"; };
		4662A30F247E0CEB004374A4 /* Image.swift */ = {isa = PBXFileReference; fileEncoding = 4; lastKnownFileType = sourcecode.swift; path = Image.swift; sourceTree = "<group>"; };
		46C3D6152476E22100F8DC58 /* RenderUnit.swift */ = {isa = PBXFileReference; fileEncoding = 4; lastKnownFileType = sourcecode.swift; path = RenderUnit.swift; sourceTree = "<group>"; };
		46C3D6182476E30900F8DC58 /* RenderFrameContext.swift */ = {isa = PBXFileReference; fileEncoding = 4; lastKnownFileType = sourcecode.swift; path = RenderFrameContext.swift; sourceTree = "<group>"; };
		46C3D61C24770C0F00F8DC58 /* Geometry.swift */ = {isa = PBXFileReference; fileEncoding = 4; lastKnownFileType = sourcecode.swift; path = Geometry.swift; sourceTree = "<group>"; };
		46C3D61D24770C0F00F8DC58 /* BufferedGeometry.swift */ = {isa = PBXFileReference; fileEncoding = 4; lastKnownFileType = sourcecode.swift; path = BufferedGeometry.swift; sourceTree = "<group>"; };
		46C3D62224770DEB00F8DC58 /* FloatAlignedArray.swift */ = {isa = PBXFileReference; fileEncoding = 4; lastKnownFileType = sourcecode.swift; path = FloatAlignedArray.swift; sourceTree = "<group>"; };
		46E85CB12475AF1F0030E7CD /* Viewable.swift */ = {isa = PBXFileReference; fileEncoding = 4; lastKnownFileType = sourcecode.swift; path = Viewable.swift; sourceTree = "<group>"; };
		46F7BFCB248005CE00D63DA5 /* Eventable.swift */ = {isa = PBXFileReference; fileEncoding = 4; lastKnownFileType = sourcecode.swift; path = Eventable.swift; sourceTree = "<group>"; };
		46F7BFCE248036D200D63DA5 /* NumericType.swift */ = {isa = PBXFileReference; fileEncoding = 4; lastKnownFileType = sourcecode.swift; path = NumericType.swift; sourceTree = "<group>"; };
		46F7BFD1248036F200D63DA5 /* Percentage.swift */ = {isa = PBXFileReference; fileEncoding = 4; lastKnownFileType = sourcecode.swift; path = Percentage.swift; sourceTree = "<group>"; };
/* End PBXFileReference section */

/* Begin PBXFrameworksBuildPhase section */
		4622963D246DF14100A3ED6D /* Frameworks */ = {
			isa = PBXFrameworksBuildPhase;
			buildActionMask = 2147483647;
			files = (
				46B8A333248E03830076973B /* Flynn in Frameworks */,
			);
			runOnlyForDeploymentPostprocessing = 0;
		};
		46229646246DF14200A3ED6D /* Frameworks */ = {
			isa = PBXFrameworksBuildPhase;
			buildActionMask = 2147483647;
			files = (
				4622964A246DF14200A3ED6D /* Cutlass.framework in Frameworks */,
			);
			runOnlyForDeploymentPostprocessing = 0;
		};
		466151ED24731BE300F87A9B /* Frameworks */ = {
			isa = PBXFrameworksBuildPhase;
			buildActionMask = 2147483647;
			files = (
				46B8A335248E038B0076973B /* Flynn in Frameworks */,
			);
			runOnlyForDeploymentPostprocessing = 0;
		};
		466151F9247338E100F87A9B /* Frameworks */ = {
			isa = PBXFrameworksBuildPhase;
			buildActionMask = 2147483647;
			files = (
				46615201247338E100F87A9B /* Cutlass.framework in Frameworks */,
			);
			runOnlyForDeploymentPostprocessing = 0;
		};
		4661520924733A6800F87A9B /* Frameworks */ = {
			isa = PBXFrameworksBuildPhase;
			buildActionMask = 2147483647;
			files = (
			);
			runOnlyForDeploymentPostprocessing = 0;
		};
/* End PBXFrameworksBuildPhase section */

/* Begin PBXGroup section */
		46229636246DF14100A3ED6D = {
			isa = PBXGroup;
			children = (
				4661522224733B4000F87A9B /* Cutlass.modulemap */,
				4661522324733B9700F87A9B /* Cutlass-Shared */,
				466151F124731BE300F87A9B /* Cutlass-iOS */,
				46229642246DF14100A3ED6D /* Cutlass-macOS */,
				4622964D246DF14200A3ED6D /* CutlassTests */,
				4661520D24733A6800F87A9B /* TestHost */,
				462810512475A13D009F04B3 /* Frameworks */,
				46229641246DF14100A3ED6D /* Products */,
			);
			sourceTree = "<group>";
		};
		46229641246DF14100A3ED6D /* Products */ = {
			isa = PBXGroup;
			children = (
				46229640246DF14100A3ED6D /* Cutlass.framework */,
				46229649246DF14200A3ED6D /* CutlassTests-macOS.xctest */,
				466151F024731BE300F87A9B /* Cutlass.framework */,
				466151FC247338E100F87A9B /* CutlassTests-iOS.xctest */,
				4661520C24733A6800F87A9B /* TestHost.app */,
			);
			name = Products;
			sourceTree = "<group>";
		};
		46229642246DF14100A3ED6D /* Cutlass-macOS */ = {
			isa = PBXGroup;
			children = (
				4641A0A62474577E007C85D0 /* CutlassView-macOS.swift */,
				46229644246DF14100A3ED6D /* Info.plist */,
			);
			path = "Cutlass-macOS";
			sourceTree = "<group>";
		};
		4622964D246DF14200A3ED6D /* CutlassTests */ = {
			isa = PBXGroup;
			children = (
				4622964E246DF14200A3ED6D /* CutlassTests.swift */,
				46229650246DF14200A3ED6D /* Info.plist */,
			);
			path = CutlassTests;
			sourceTree = "<group>";
		};
		4628104324759941009F04B3 /* Views */ = {
			isa = PBXGroup;
			children = (
				4628104424759971009F04B3 /* Color.swift */,
				4662A30F247E0CEB004374A4 /* Image.swift */,
			);
			path = Views;
			sourceTree = "<group>";
		};
		462810512475A13D009F04B3 /* Frameworks */ = {
			isa = PBXGroup;
			children = (
			);
			path = Frameworks;
			sourceTree = "<group>";
		};
		4641A0A82474583D007C85D0 /* Shaders */ = {
			isa = PBXGroup;
			children = (
				4641A0A92474583D007C85D0 /* Flat.metal */,
				4641A0AA2474583D007C85D0 /* SDF.metal */,
				4641A0AB2474583D007C85D0 /* Textured.metal */,
			);
			path = Shaders;
			sourceTree = "<group>";
		};
		4641A0B22474DB26007C85D0 /* Yoga */ = {
			isa = PBXGroup;
			children = (
				4641A0B32474DB26007C85D0 /* BitUtils.h */,
				4641A0B42474DB26007C85D0 /* CompactValue.h */,
				4641A0B52474DB26007C85D0 /* event */,
				4641A0B82474DB26007C85D0 /* internal */,
				4641A0BC2474DB26007C85D0 /* log.cpp */,
				4641A0BD2474DB26007C85D0 /* log.h */,
				4641A0BE2474DB26007C85D0 /* Utils.cpp */,
				4641A0BF2474DB26007C85D0 /* Utils.h */,
				4641A0C02474DB26007C85D0 /* YGConfig.cpp */,
				4641A0C12474DB26007C85D0 /* YGConfig.h */,
				4641A0C22474DB26007C85D0 /* YGEnums.cpp */,
				4641A0C32474DB26007C85D0 /* YGEnums.h */,
				4641A0C42474DB26007C85D0 /* YGFloatOptional.h */,
				4641A0C52474DB26007C85D0 /* YGLayout.cpp */,
				4641A0C62474DB26007C85D0 /* YGLayout.h */,
				4641A0C72474DB26007C85D0 /* YGMacros.h */,
				4641A0C82474DB26007C85D0 /* YGNode.cpp */,
				4641A0C92474DB26007C85D0 /* YGNode.h */,
				4641A0CA2474DB26007C85D0 /* YGNodePrint.cpp */,
				4641A0CB2474DB26007C85D0 /* YGNodePrint.h */,
				4641A0CC2474DB26007C85D0 /* YGStyle.cpp */,
				4641A0CD2474DB26007C85D0 /* YGStyle.h */,
				4641A0CE2474DB26007C85D0 /* YGValue.cpp */,
				4641A0CF2474DB26007C85D0 /* YGValue.h */,
				4641A0D02474DB26007C85D0 /* Yoga-internal.h */,
				4641A0D12474DB26007C85D0 /* Yoga.cpp */,
				4641A0D22474DB26007C85D0 /* Yoga.h */,
			);
			path = Yoga;
			sourceTree = "<group>";
		};
		4641A0B52474DB26007C85D0 /* event */ = {
			isa = PBXGroup;
			children = (
				4641A0B62474DB26007C85D0 /* event.cpp */,
				4641A0B72474DB26007C85D0 /* event.h */,
			);
			path = event;
			sourceTree = "<group>";
		};
		4641A0B82474DB26007C85D0 /* internal */ = {
			isa = PBXGroup;
			children = (
				4641A0B92474DB26007C85D0 /* experiments-inl.h */,
				4641A0BA2474DB26007C85D0 /* experiments.cpp */,
				4641A0BB2474DB26007C85D0 /* experiments.h */,
			);
			path = internal;
			sourceTree = "<group>";
		};
		4641A10F2474DCBA007C85D0 /* UI */ = {
			isa = PBXGroup;
			children = (
				4648EDB32478389B00189563 /* GLKitExtension.swift */,
				46E85CC52475D3670030E7CD /* Protocols */,
				4628104324759941009F04B3 /* Views */,
				4641A1102474DD4B007C85D0 /* Yoga.swift */,
			);
			path = UI;
			sourceTree = "<group>";
		};
		466151F124731BE300F87A9B /* Cutlass-iOS */ = {
			isa = PBXGroup;
			children = (
				4641A0A424745778007C85D0 /* CutlassView-iOS.swift */,
				466151F324731BE300F87A9B /* Info.plist */,
			);
			path = "Cutlass-iOS";
			sourceTree = "<group>";
		};
		4661520D24733A6800F87A9B /* TestHost */ = {
			isa = PBXGroup;
			children = (
				4661520E24733A6800F87A9B /* AppDelegate.swift */,
				4661521424733A6A00F87A9B /* Assets.xcassets */,
				4661521924733A6A00F87A9B /* LaunchScreen.storyboard */,
				4661521C24733A6A00F87A9B /* Info.plist */,
				4661521624733A6A00F87A9B /* Preview Content */,
			);
			path = TestHost;
			sourceTree = "<group>";
		};
		4661521624733A6A00F87A9B /* Preview Content */ = {
			isa = PBXGroup;
			children = (
				4661521724733A6A00F87A9B /* Preview Assets.xcassets */,
			);
			path = "Preview Content";
			sourceTree = "<group>";
		};
		4661522324733B9700F87A9B /* Cutlass-Shared */ = {
			isa = PBXGroup;
			children = (
				4662A308247E0BB5004374A4 /* Utility */,
				46229643246DF14100A3ED6D /* Cutlass.h */,
				4641A10F2474DCBA007C85D0 /* UI */,
				4641A0B22474DB26007C85D0 /* Yoga */,
				46C3D61B247707F000F8DC58 /* Renderer */,
				4641A0A82474583D007C85D0 /* Shaders */,
			);
			path = "Cutlass-Shared";
			sourceTree = "<group>";
		};
		4662A308247E0BB5004374A4 /* Utility */ = {
			isa = PBXGroup;
			children = (
				46F7BFD1248036F200D63DA5 /* Percentage.swift */,
				46F7BFCE248036D200D63DA5 /* NumericType.swift */,
				4662A309247E0BD3004374A4 /* String+Bundle.swift */,
				4617ECF1247D66D4008BEACD /* AVLTree.swift */,
			);
			path = Utility;
			sourceTree = "<group>";
		};
		46C3D61B247707F000F8DC58 /* Renderer */ = {
			isa = PBXGroup;
			children = (
				46C3D62224770DEB00F8DC58 /* FloatAlignedArray.swift */,
				46C3D61C24770C0F00F8DC58 /* Geometry.swift */,
				46C3D61D24770C0F00F8DC58 /* BufferedGeometry.swift */,
				46C3D6182476E30900F8DC58 /* RenderFrameContext.swift */,
				46C3D6152476E22100F8DC58 /* RenderUnit.swift */,
				4641A064247428B9007C85D0 /* Renderer.swift */,
			);
			path = Renderer;
			sourceTree = "<group>";
		};
		46E85CC52475D3670030E7CD /* Protocols */ = {
			isa = PBXGroup;
			children = (
				4648EDB624783B8C00189563 /* Colorable.swift */,
				46F7BFCB248005CE00D63DA5 /* Eventable.swift */,
				4662A30C247E0CE7004374A4 /* Imageable.swift */,
				46E85CB12475AF1F0030E7CD /* Viewable.swift */,
			);
			path = Protocols;
			sourceTree = "<group>";
		};
/* End PBXGroup section */

/* Begin PBXHeadersBuildPhase section */
		4622963B246DF14100A3ED6D /* Headers */ = {
			isa = PBXHeadersBuildPhase;
			buildActionMask = 2147483647;
			files = (
				4641A1032474DB26007C85D0 /* YGStyle.h in Headers */,
				4641A10D2474DB26007C85D0 /* Yoga.h in Headers */,
				4641A0EF2474DB26007C85D0 /* YGEnums.h in Headers */,
				4641A0F72474DB26007C85D0 /* YGMacros.h in Headers */,
				4641A1072474DB26007C85D0 /* YGValue.h in Headers */,
				4641A1092474DB26007C85D0 /* Yoga-internal.h in Headers */,
				4641A0FB2474DB26007C85D0 /* YGNode.h in Headers */,
				4641A0D52474DB26007C85D0 /* CompactValue.h in Headers */,
				4641A0F52474DB26007C85D0 /* YGLayout.h in Headers */,
				4641A0FF2474DB26007C85D0 /* YGNodePrint.h in Headers */,
				4641A0EB2474DB26007C85D0 /* YGConfig.h in Headers */,
				4641A0E32474DB26007C85D0 /* log.h in Headers */,
				4641A0DB2474DB26007C85D0 /* experiments-inl.h in Headers */,
				4641A0D32474DB26007C85D0 /* BitUtils.h in Headers */,
				46229651246DF14200A3ED6D /* Cutlass.h in Headers */,
				4641A0F12474DB26007C85D0 /* YGFloatOptional.h in Headers */,
				4641A0D92474DB26007C85D0 /* event.h in Headers */,
				4641A0E72474DB26007C85D0 /* Utils.h in Headers */,
				4641A0DF2474DB26007C85D0 /* experiments.h in Headers */,
			);
			runOnlyForDeploymentPostprocessing = 0;
		};
		466151EB24731BE300F87A9B /* Headers */ = {
			isa = PBXHeadersBuildPhase;
			buildActionMask = 2147483647;
			files = (
				4641A1042474DB26007C85D0 /* YGStyle.h in Headers */,
				4641A10E2474DB26007C85D0 /* Yoga.h in Headers */,
				4641A0F02474DB26007C85D0 /* YGEnums.h in Headers */,
				4641A0F82474DB26007C85D0 /* YGMacros.h in Headers */,
				4641A1082474DB26007C85D0 /* YGValue.h in Headers */,
				4641A10A2474DB26007C85D0 /* Yoga-internal.h in Headers */,
				4641A0FC2474DB26007C85D0 /* YGNode.h in Headers */,
				4641A0D62474DB26007C85D0 /* CompactValue.h in Headers */,
				4641A0F62474DB26007C85D0 /* YGLayout.h in Headers */,
				4641A1002474DB26007C85D0 /* YGNodePrint.h in Headers */,
				4641A0EC2474DB26007C85D0 /* YGConfig.h in Headers */,
				4641A0E42474DB26007C85D0 /* log.h in Headers */,
				4641A0DC2474DB26007C85D0 /* experiments-inl.h in Headers */,
				4641A0D42474DB26007C85D0 /* BitUtils.h in Headers */,
				4661522424733BD100F87A9B /* Cutlass.h in Headers */,
				4641A0F22474DB26007C85D0 /* YGFloatOptional.h in Headers */,
				4641A0DA2474DB26007C85D0 /* event.h in Headers */,
				4641A0E82474DB26007C85D0 /* Utils.h in Headers */,
				4641A0E02474DB26007C85D0 /* experiments.h in Headers */,
			);
			runOnlyForDeploymentPostprocessing = 0;
		};
/* End PBXHeadersBuildPhase section */

/* Begin PBXNativeTarget section */
		4622963F246DF14100A3ED6D /* Cutlass-macOS */ = {
			isa = PBXNativeTarget;
			buildConfigurationList = 46229654246DF14200A3ED6D /* Build configuration list for PBXNativeTarget "Cutlass-macOS" */;
			buildPhases = (
				465D50BB248C9EBF0012678E /* SwiftLint */,
				46627BE22486E10E00A2A610 /* FlynnLint */,
				4622963B246DF14100A3ED6D /* Headers */,
				4622963C246DF14100A3ED6D /* Sources */,
				4622963D246DF14100A3ED6D /* Frameworks */,
				4622963E246DF14100A3ED6D /* Resources */,
				4617ECF8247DB779008BEACD /* Embed Frameworks */,
			);
			buildRules = (
			);
			dependencies = (
			);
			name = "Cutlass-macOS";
			packageProductDependencies = (
				46B8A332248E03830076973B /* Flynn */,
			);
			productName = Cutlass;
			productReference = 46229640246DF14100A3ED6D /* Cutlass.framework */;
			productType = "com.apple.product-type.framework";
		};
		46229648246DF14200A3ED6D /* CutlassTests-macOS */ = {
			isa = PBXNativeTarget;
			buildConfigurationList = 46229657246DF14200A3ED6D /* Build configuration list for PBXNativeTarget "CutlassTests-macOS" */;
			buildPhases = (
				46229645246DF14200A3ED6D /* Sources */,
				46229646246DF14200A3ED6D /* Frameworks */,
				46229647246DF14200A3ED6D /* Resources */,
			);
			buildRules = (
			);
			dependencies = (
				4622964C246DF14200A3ED6D /* PBXTargetDependency */,
			);
			name = "CutlassTests-macOS";
			productName = CutlassTests;
			productReference = 46229649246DF14200A3ED6D /* CutlassTests-macOS.xctest */;
			productType = "com.apple.product-type.bundle.unit-test";
		};
		466151EF24731BE300F87A9B /* Cutlass-iOS */ = {
			isa = PBXNativeTarget;
			buildConfigurationList = 466151F524731BE300F87A9B /* Build configuration list for PBXNativeTarget "Cutlass-iOS" */;
			buildPhases = (
				465D50BC248C9ECF0012678E /* SwiftLint */,
				46AEA32F24870A7000C618CF /* FlynnLint */,
				466151EB24731BE300F87A9B /* Headers */,
				466151EC24731BE300F87A9B /* Sources */,
				466151ED24731BE300F87A9B /* Frameworks */,
				466151EE24731BE300F87A9B /* Resources */,
				462810592475A49F009F04B3 /* Embed Frameworks */,
			);
			buildRules = (
			);
			dependencies = (
			);
			name = "Cutlass-iOS";
			packageProductDependencies = (
				46B8A334248E038B0076973B /* Flynn */,
			);
			productName = "Cutlass-iOS";
			productReference = 466151F024731BE300F87A9B /* Cutlass.framework */;
			productType = "com.apple.product-type.framework";
		};
		466151FB247338E100F87A9B /* CutlassTests-iOS */ = {
			isa = PBXNativeTarget;
			buildConfigurationList = 46615204247338E100F87A9B /* Build configuration list for PBXNativeTarget "CutlassTests-iOS" */;
			buildPhases = (
				466151F8247338E100F87A9B /* Sources */,
				466151F9247338E100F87A9B /* Frameworks */,
				466151FA247338E100F87A9B /* Resources */,
			);
			buildRules = (
			);
			dependencies = (
				46615203247338E100F87A9B /* PBXTargetDependency */,
				4661522124733A7000F87A9B /* PBXTargetDependency */,
			);
			name = "CutlassTests-iOS";
			productName = "CutlassTests-iOS";
			productReference = 466151FC247338E100F87A9B /* CutlassTests-iOS.xctest */;
			productType = "com.apple.product-type.bundle.unit-test";
		};
		4661520B24733A6800F87A9B /* TestHost */ = {
			isa = PBXNativeTarget;
			buildConfigurationList = 4661521D24733A6A00F87A9B /* Build configuration list for PBXNativeTarget "TestHost" */;
			buildPhases = (
				4661520824733A6800F87A9B /* Sources */,
				4661520924733A6800F87A9B /* Frameworks */,
				4661520A24733A6800F87A9B /* Resources */,
				46E85CC82475D6170030E7CD /* Embed Frameworks */,
			);
			buildRules = (
			);
			dependencies = (
			);
			name = TestHost;
			productName = TestHost;
			productReference = 4661520C24733A6800F87A9B /* TestHost.app */;
			productType = "com.apple.product-type.application";
		};
/* End PBXNativeTarget section */

/* Begin PBXProject section */
		46229637246DF14100A3ED6D /* Project object */ = {
			isa = PBXProject;
			attributes = {
				LastSwiftUpdateCheck = 1140;
				LastUpgradeCheck = 1130;
				ORGANIZATIONNAME = "Rocco Bowling";
				TargetAttributes = {
					4622963F246DF14100A3ED6D = {
						CreatedOnToolsVersion = 11.3.1;
						LastSwiftMigration = 1140;
					};
					46229648246DF14200A3ED6D = {
						CreatedOnToolsVersion = 11.3.1;
					};
					466151EF24731BE300F87A9B = {
						CreatedOnToolsVersion = 11.4.1;
						LastSwiftMigration = 1140;
					};
					466151FB247338E100F87A9B = {
						CreatedOnToolsVersion = 11.4.1;
						TestTargetID = 4661520B24733A6800F87A9B;
					};
					4661520B24733A6800F87A9B = {
						CreatedOnToolsVersion = 11.4.1;
					};
				};
			};
			buildConfigurationList = 4622963A246DF14100A3ED6D /* Build configuration list for PBXProject "Cutlass" */;
			compatibilityVersion = "Xcode 9.3";
			developmentRegion = en;
			hasScannedForEncodings = 0;
			knownRegions = (
				en,
				Base,
			);
			mainGroup = 46229636246DF14100A3ED6D;
			packageReferences = (
				46B8A331248E03830076973B /* XCRemoteSwiftPackageReference "flynn" */,
			);
			productRefGroup = 46229641246DF14100A3ED6D /* Products */;
			projectDirPath = "";
			projectRoot = "";
			targets = (
				4622963F246DF14100A3ED6D /* Cutlass-macOS */,
				46229648246DF14200A3ED6D /* CutlassTests-macOS */,
				466151EF24731BE300F87A9B /* Cutlass-iOS */,
				466151FB247338E100F87A9B /* CutlassTests-iOS */,
				4661520B24733A6800F87A9B /* TestHost */,
			);
		};
/* End PBXProject section */

/* Begin PBXResourcesBuildPhase section */
		4622963E246DF14100A3ED6D /* Resources */ = {
			isa = PBXResourcesBuildPhase;
			buildActionMask = 2147483647;
			files = (
			);
			runOnlyForDeploymentPostprocessing = 0;
		};
		46229647246DF14200A3ED6D /* Resources */ = {
			isa = PBXResourcesBuildPhase;
			buildActionMask = 2147483647;
			files = (
			);
			runOnlyForDeploymentPostprocessing = 0;
		};
		466151EE24731BE300F87A9B /* Resources */ = {
			isa = PBXResourcesBuildPhase;
			buildActionMask = 2147483647;
			files = (
			);
			runOnlyForDeploymentPostprocessing = 0;
		};
		466151FA247338E100F87A9B /* Resources */ = {
			isa = PBXResourcesBuildPhase;
			buildActionMask = 2147483647;
			files = (
			);
			runOnlyForDeploymentPostprocessing = 0;
		};
		4661520A24733A6800F87A9B /* Resources */ = {
			isa = PBXResourcesBuildPhase;
			buildActionMask = 2147483647;
			files = (
				4661521B24733A6A00F87A9B /* LaunchScreen.storyboard in Resources */,
				4661521824733A6A00F87A9B /* Preview Assets.xcassets in Resources */,
				4661521524733A6A00F87A9B /* Assets.xcassets in Resources */,
			);
			runOnlyForDeploymentPostprocessing = 0;
		};
/* End PBXResourcesBuildPhase section */

/* Begin PBXShellScriptBuildPhase section */
		465D50BB248C9EBF0012678E /* SwiftLint */ = {
			isa = PBXShellScriptBuildPhase;
			buildActionMask = 2147483647;
			files = (
			);
			inputFileListPaths = (
			);
			inputPaths = (
			);
			name = SwiftLint;
			outputFileListPaths = (
			);
			outputPaths = (
			);
			runOnlyForDeploymentPostprocessing = 0;
			shellPath = /bin/sh;
			shellScript = "if which swiftlint >/dev/null; then\n  swiftlint\nelse\n  echo \"warning: SwiftLint not installed, download from https://github.com/realm/SwiftLint\"\nfi\n";
		};
		465D50BC248C9ECF0012678E /* SwiftLint */ = {
			isa = PBXShellScriptBuildPhase;
			buildActionMask = 2147483647;
			files = (
			);
			inputFileListPaths = (
			);
			inputPaths = (
			);
			name = SwiftLint;
			outputFileListPaths = (
			);
			outputPaths = (
			);
			runOnlyForDeploymentPostprocessing = 0;
			shellPath = /bin/sh;
			shellScript = "if which swiftlint >/dev/null; then\n  swiftlint\nelse\n  echo \"warning: SwiftLint not installed, download from https://github.com/realm/SwiftLint\"\nfi\n";
		};
		46627BE22486E10E00A2A610 /* FlynnLint */ = {
			isa = PBXShellScriptBuildPhase;
			buildActionMask = 2147483647;
			files = (
			);
			inputFileListPaths = (
			);
			inputPaths = (
			);
			name = FlynnLint;
			outputFileListPaths = (
			);
			outputPaths = (
			);
			runOnlyForDeploymentPostprocessing = 0;
			shellPath = /bin/sh;
			shellScript = "${BUILD_ROOT}/../../SourcePackages/checkouts/flynn/meta/FlynnLint ${SRCROOT}\n";
		};
		46AEA32F24870A7000C618CF /* FlynnLint */ = {
			isa = PBXShellScriptBuildPhase;
			buildActionMask = 2147483647;
			files = (
			);
			inputFileListPaths = (
			);
			inputPaths = (
			);
			name = FlynnLint;
			outputFileListPaths = (
			);
			outputPaths = (
			);
			runOnlyForDeploymentPostprocessing = 0;
			shellPath = /bin/sh;
			shellScript = "${BUILD_ROOT}/../../SourcePackages/checkouts/flynn/meta/FlynnLint ${SRCROOT}\n";
		};
/* End PBXShellScriptBuildPhase section */

/* Begin PBXSourcesBuildPhase section */
		4622963C246DF14100A3ED6D /* Sources */ = {
			isa = PBXSourcesBuildPhase;
			buildActionMask = 2147483647;
			files = (
				46F7BFCC248005CE00D63DA5 /* Eventable.swift in Sources */,
				4641A065247428B9007C85D0 /* Renderer.swift in Sources */,
				4662A30A247E0BD3004374A4 /* String+Bundle.swift in Sources */,
				4662A310247E0CEB004374A4 /* Image.swift in Sources */,
				4648EDB42478389B00189563 /* GLKitExtension.swift in Sources */,
				4641A1012474DB26007C85D0 /* YGStyle.cpp in Sources */,
				46C3D61E24770C0F00F8DC58 /* Geometry.swift in Sources */,
				4648EDB724783B8C00189563 /* Colorable.swift in Sources */,
				4641A0E92474DB26007C85D0 /* YGConfig.cpp in Sources */,
				4641A0B02474583D007C85D0 /* Textured.metal in Sources */,
				4641A0F32474DB26007C85D0 /* YGLayout.cpp in Sources */,
				4641A0E12474DB26007C85D0 /* log.cpp in Sources */,
				4641A0A72474577E007C85D0 /* CutlassView-macOS.swift in Sources */,
				4641A0ED2474DB26007C85D0 /* YGEnums.cpp in Sources */,
				4641A0E52474DB26007C85D0 /* Utils.cpp in Sources */,
				46C3D6162476E22100F8DC58 /* RenderUnit.swift in Sources */,
				4641A1052474DB26007C85D0 /* YGValue.cpp in Sources */,
				4641A0F92474DB26007C85D0 /* YGNode.cpp in Sources */,
				4617ECF2247D66D4008BEACD /* AVLTree.swift in Sources */,
				4628104524759971009F04B3 /* Color.swift in Sources */,
				46C3D6192476E30900F8DC58 /* RenderFrameContext.swift in Sources */,
				4662A30D247E0CE7004374A4 /* Imageable.swift in Sources */,
				46C3D62324770DEB00F8DC58 /* FloatAlignedArray.swift in Sources */,
				46E85CB22475AF1F0030E7CD /* Viewable.swift in Sources */,
				46C3D62024770C0F00F8DC58 /* BufferedGeometry.swift in Sources */,
				4641A0AC2474583D007C85D0 /* Flat.metal in Sources */,
				4641A0D72474DB26007C85D0 /* event.cpp in Sources */,
				4641A0FD2474DB26007C85D0 /* YGNodePrint.cpp in Sources */,
				4641A10B2474DB26007C85D0 /* Yoga.cpp in Sources */,
				4641A0DD2474DB26007C85D0 /* experiments.cpp in Sources */,
				4641A0AE2474583D007C85D0 /* SDF.metal in Sources */,
				46F7BFD3248036F200D63DA5 /* Percentage.swift in Sources */,
				46F7BFCF248036D200D63DA5 /* NumericType.swift in Sources */,
				4641A1112474DD4B007C85D0 /* Yoga.swift in Sources */,
			);
			runOnlyForDeploymentPostprocessing = 0;
		};
		46229645246DF14200A3ED6D /* Sources */ = {
			isa = PBXSourcesBuildPhase;
			buildActionMask = 2147483647;
			files = (
				4622964F246DF14200A3ED6D /* CutlassTests.swift in Sources */,
			);
			runOnlyForDeploymentPostprocessing = 0;
		};
		466151EC24731BE300F87A9B /* Sources */ = {
			isa = PBXSourcesBuildPhase;
			buildActionMask = 2147483647;
			files = (
				46F7BFCD248005CE00D63DA5 /* Eventable.swift in Sources */,
				4641A0A524745778007C85D0 /* CutlassView-iOS.swift in Sources */,
				4662A30B247E0BD3004374A4 /* String+Bundle.swift in Sources */,
				4662A311247E0CEB004374A4 /* Image.swift in Sources */,
				4648EDB52478389B00189563 /* GLKitExtension.swift in Sources */,
				4641A1022474DB26007C85D0 /* YGStyle.cpp in Sources */,
				46C3D61F24770C0F00F8DC58 /* Geometry.swift in Sources */,
				4648EDB824783B8C00189563 /* Colorable.swift in Sources */,
				4641A0EA2474DB26007C85D0 /* YGConfig.cpp in Sources */,
				4641A0B12474583D007C85D0 /* Textured.metal in Sources */,
				4641A0F42474DB26007C85D0 /* YGLayout.cpp in Sources */,
				4641A0E22474DB26007C85D0 /* log.cpp in Sources */,
				4641A066247428B9007C85D0 /* Renderer.swift in Sources */,
				4641A0EE2474DB26007C85D0 /* YGEnums.cpp in Sources */,
				4641A0E62474DB26007C85D0 /* Utils.cpp in Sources */,
				46C3D6172476E22100F8DC58 /* RenderUnit.swift in Sources */,
				4641A1062474DB26007C85D0 /* YGValue.cpp in Sources */,
				4641A0FA2474DB26007C85D0 /* YGNode.cpp in Sources */,
				4617ECF3247D66D4008BEACD /* AVLTree.swift in Sources */,
				4628104624759971009F04B3 /* Color.swift in Sources */,
				46C3D61A2476E30900F8DC58 /* RenderFrameContext.swift in Sources */,
				4662A30E247E0CE7004374A4 /* Imageable.swift in Sources */,
				46C3D62424770DEB00F8DC58 /* FloatAlignedArray.swift in Sources */,
				46E85CB32475AF1F0030E7CD /* Viewable.swift in Sources */,
				46C3D62124770C0F00F8DC58 /* BufferedGeometry.swift in Sources */,
				4641A0AD2474583D007C85D0 /* Flat.metal in Sources */,
				4641A0D82474DB26007C85D0 /* event.cpp in Sources */,
				4641A0FE2474DB26007C85D0 /* YGNodePrint.cpp in Sources */,
				4641A10C2474DB26007C85D0 /* Yoga.cpp in Sources */,
				4641A0DE2474DB26007C85D0 /* experiments.cpp in Sources */,
				4641A0AF2474583D007C85D0 /* SDF.metal in Sources */,
				46F7BFD4248036F200D63DA5 /* Percentage.swift in Sources */,
				46F7BFD0248036D200D63DA5 /* NumericType.swift in Sources */,
				4641A1122474DD4B007C85D0 /* Yoga.swift in Sources */,
			);
			runOnlyForDeploymentPostprocessing = 0;
		};
		466151F8247338E100F87A9B /* Sources */ = {
			isa = PBXSourcesBuildPhase;
			buildActionMask = 2147483647;
			files = (
				46615207247338F700F87A9B /* CutlassTests.swift in Sources */,
			);
			runOnlyForDeploymentPostprocessing = 0;
		};
		4661520824733A6800F87A9B /* Sources */ = {
			isa = PBXSourcesBuildPhase;
			buildActionMask = 2147483647;
			files = (
				4661520F24733A6800F87A9B /* AppDelegate.swift in Sources */,
			);
			runOnlyForDeploymentPostprocessing = 0;
		};
/* End PBXSourcesBuildPhase section */

/* Begin PBXTargetDependency section */
		4622964C246DF14200A3ED6D /* PBXTargetDependency */ = {
			isa = PBXTargetDependency;
			target = 4622963F246DF14100A3ED6D /* Cutlass-macOS */;
			targetProxy = 4622964B246DF14200A3ED6D /* PBXContainerItemProxy */;
		};
		46615203247338E100F87A9B /* PBXTargetDependency */ = {
			isa = PBXTargetDependency;
			platformFilter = ios;
			target = 466151EF24731BE300F87A9B /* Cutlass-iOS */;
			targetProxy = 46615202247338E100F87A9B /* PBXContainerItemProxy */;
		};
		4661522124733A7000F87A9B /* PBXTargetDependency */ = {
			isa = PBXTargetDependency;
			target = 4661520B24733A6800F87A9B /* TestHost */;
			targetProxy = 4661522024733A7000F87A9B /* PBXContainerItemProxy */;
		};
/* End PBXTargetDependency section */

/* Begin PBXVariantGroup section */
		4661521924733A6A00F87A9B /* LaunchScreen.storyboard */ = {
			isa = PBXVariantGroup;
			children = (
				4661521A24733A6A00F87A9B /* Base */,
			);
			name = LaunchScreen.storyboard;
			sourceTree = "<group>";
		};
/* End PBXVariantGroup section */

/* Begin XCBuildConfiguration section */
		46229652246DF14200A3ED6D /* Debug */ = {
			isa = XCBuildConfiguration;
			buildSettings = {
				ALWAYS_SEARCH_USER_PATHS = NO;
				CLANG_ANALYZER_NONNULL = YES;
				CLANG_ANALYZER_NUMBER_OBJECT_CONVERSION = YES_AGGRESSIVE;
				CLANG_CXX_LANGUAGE_STANDARD = "gnu++14";
				CLANG_CXX_LIBRARY = "libc++";
				CLANG_ENABLE_MODULES = YES;
				CLANG_ENABLE_OBJC_ARC = YES;
				CLANG_ENABLE_OBJC_WEAK = YES;
				CLANG_WARN_BLOCK_CAPTURE_AUTORELEASING = YES;
				CLANG_WARN_BOOL_CONVERSION = YES;
				CLANG_WARN_COMMA = YES;
				CLANG_WARN_CONSTANT_CONVERSION = YES;
				CLANG_WARN_DEPRECATED_OBJC_IMPLEMENTATIONS = YES;
				CLANG_WARN_DIRECT_OBJC_ISA_USAGE = YES_ERROR;
				CLANG_WARN_DOCUMENTATION_COMMENTS = YES;
				CLANG_WARN_EMPTY_BODY = YES;
				CLANG_WARN_ENUM_CONVERSION = YES;
				CLANG_WARN_INFINITE_RECURSION = YES;
				CLANG_WARN_INT_CONVERSION = YES;
				CLANG_WARN_NON_LITERAL_NULL_CONVERSION = YES;
				CLANG_WARN_OBJC_IMPLICIT_RETAIN_SELF = YES;
				CLANG_WARN_OBJC_LITERAL_CONVERSION = YES;
				CLANG_WARN_OBJC_ROOT_CLASS = YES_ERROR;
				CLANG_WARN_RANGE_LOOP_ANALYSIS = YES;
				CLANG_WARN_STRICT_PROTOTYPES = YES;
				CLANG_WARN_SUSPICIOUS_MOVE = YES;
				CLANG_WARN_UNGUARDED_AVAILABILITY = YES_AGGRESSIVE;
				CLANG_WARN_UNREACHABLE_CODE = YES;
				CLANG_WARN__DUPLICATE_METHOD_MATCH = YES;
				COPY_PHASE_STRIP = NO;
				CURRENT_PROJECT_VERSION = 1;
				DEBUG_INFORMATION_FORMAT = dwarf;
				ENABLE_STRICT_OBJC_MSGSEND = YES;
				ENABLE_TESTABILITY = YES;
				FRAMEWORK_SEARCH_PATHS = "$(PROJECT_DIR)/Frameworks";
				GCC_C_LANGUAGE_STANDARD = gnu11;
				GCC_DYNAMIC_NO_PIC = NO;
				GCC_NO_COMMON_BLOCKS = YES;
				GCC_OPTIMIZATION_LEVEL = 0;
				GCC_PREPROCESSOR_DEFINITIONS = (
					"DEBUG=1",
					"$(inherited)",
				);
				GCC_WARN_64_TO_32_BIT_CONVERSION = YES;
				GCC_WARN_ABOUT_RETURN_TYPE = YES_ERROR;
				GCC_WARN_UNDECLARED_SELECTOR = YES;
				GCC_WARN_UNINITIALIZED_AUTOS = YES_AGGRESSIVE;
				GCC_WARN_UNUSED_FUNCTION = YES;
				GCC_WARN_UNUSED_VARIABLE = YES;
				MACOSX_DEPLOYMENT_TARGET = 10.14;
				MTL_ENABLE_DEBUG_INFO = INCLUDE_SOURCE;
				MTL_FAST_MATH = YES;
				ONLY_ACTIVE_ARCH = YES;
				SDKROOT = macosx;
				SWIFT_ACTIVE_COMPILATION_CONDITIONS = DEBUG;
				SWIFT_OPTIMIZATION_LEVEL = "-Onone";
				VERSIONING_SYSTEM = "apple-generic";
				VERSION_INFO_PREFIX = "";
			};
			name = Debug;
		};
		46229653246DF14200A3ED6D /* Release */ = {
			isa = XCBuildConfiguration;
			buildSettings = {
				ALWAYS_SEARCH_USER_PATHS = NO;
				CLANG_ANALYZER_NONNULL = YES;
				CLANG_ANALYZER_NUMBER_OBJECT_CONVERSION = YES_AGGRESSIVE;
				CLANG_CXX_LANGUAGE_STANDARD = "gnu++14";
				CLANG_CXX_LIBRARY = "libc++";
				CLANG_ENABLE_MODULES = YES;
				CLANG_ENABLE_OBJC_ARC = YES;
				CLANG_ENABLE_OBJC_WEAK = YES;
				CLANG_WARN_BLOCK_CAPTURE_AUTORELEASING = YES;
				CLANG_WARN_BOOL_CONVERSION = YES;
				CLANG_WARN_COMMA = YES;
				CLANG_WARN_CONSTANT_CONVERSION = YES;
				CLANG_WARN_DEPRECATED_OBJC_IMPLEMENTATIONS = YES;
				CLANG_WARN_DIRECT_OBJC_ISA_USAGE = YES_ERROR;
				CLANG_WARN_DOCUMENTATION_COMMENTS = YES;
				CLANG_WARN_EMPTY_BODY = YES;
				CLANG_WARN_ENUM_CONVERSION = YES;
				CLANG_WARN_INFINITE_RECURSION = YES;
				CLANG_WARN_INT_CONVERSION = YES;
				CLANG_WARN_NON_LITERAL_NULL_CONVERSION = YES;
				CLANG_WARN_OBJC_IMPLICIT_RETAIN_SELF = YES;
				CLANG_WARN_OBJC_LITERAL_CONVERSION = YES;
				CLANG_WARN_OBJC_ROOT_CLASS = YES_ERROR;
				CLANG_WARN_RANGE_LOOP_ANALYSIS = YES;
				CLANG_WARN_STRICT_PROTOTYPES = YES;
				CLANG_WARN_SUSPICIOUS_MOVE = YES;
				CLANG_WARN_UNGUARDED_AVAILABILITY = YES_AGGRESSIVE;
				CLANG_WARN_UNREACHABLE_CODE = YES;
				CLANG_WARN__DUPLICATE_METHOD_MATCH = YES;
				COPY_PHASE_STRIP = NO;
				CURRENT_PROJECT_VERSION = 1;
				DEBUG_INFORMATION_FORMAT = "dwarf-with-dsym";
				ENABLE_NS_ASSERTIONS = NO;
				ENABLE_STRICT_OBJC_MSGSEND = YES;
				FRAMEWORK_SEARCH_PATHS = "$(PROJECT_DIR)/Frameworks";
				GCC_C_LANGUAGE_STANDARD = gnu11;
				GCC_NO_COMMON_BLOCKS = YES;
				GCC_WARN_64_TO_32_BIT_CONVERSION = YES;
				GCC_WARN_ABOUT_RETURN_TYPE = YES_ERROR;
				GCC_WARN_UNDECLARED_SELECTOR = YES;
				GCC_WARN_UNINITIALIZED_AUTOS = YES_AGGRESSIVE;
				GCC_WARN_UNUSED_FUNCTION = YES;
				GCC_WARN_UNUSED_VARIABLE = YES;
				MACOSX_DEPLOYMENT_TARGET = 10.14;
				MTL_ENABLE_DEBUG_INFO = NO;
				MTL_FAST_MATH = YES;
				SDKROOT = macosx;
				SWIFT_COMPILATION_MODE = wholemodule;
				SWIFT_OPTIMIZATION_LEVEL = "-O";
				VERSIONING_SYSTEM = "apple-generic";
				VERSION_INFO_PREFIX = "";
			};
			name = Release;
		};
		46229655246DF14200A3ED6D /* Debug */ = {
			isa = XCBuildConfiguration;
			buildSettings = {
				CLANG_ENABLE_MODULES = YES;
				CODE_SIGN_STYLE = Automatic;
				COMBINE_HIDPI_IMAGES = YES;
				DEFINES_MODULE = YES;
				DEVELOPMENT_TEAM = A3LA43YQN5;
				DYLIB_COMPATIBILITY_VERSION = 1;
				DYLIB_CURRENT_VERSION = 1;
				DYLIB_INSTALL_NAME_BASE = "@rpath";
				FRAMEWORK_SEARCH_PATHS = "$(inherited)";
				INFOPLIST_FILE = "Cutlass-macOS/Info.plist";
				INSTALL_PATH = "$(LOCAL_LIBRARY_DIR)/Frameworks";
				LD_RUNPATH_SEARCH_PATHS = (
					"$(inherited)",
					"@executable_path/../Frameworks",
					"@loader_path/Frameworks",
				);
				MODULEMAP_FILE = "${SRCROOT}/Cutlass.modulemap";
				PRODUCT_BUNDLE_IDENTIFIER = com.chimerasw.Cutlass;
				PRODUCT_NAME = "${PROJECT_NAME}";
				SKIP_INSTALL = YES;
				SWIFT_OPTIMIZATION_LEVEL = "-Onone";
				SWIFT_VERSION = 5.0;
			};
			name = Debug;
		};
		46229656246DF14200A3ED6D /* Release */ = {
			isa = XCBuildConfiguration;
			buildSettings = {
				CLANG_ENABLE_MODULES = YES;
				CODE_SIGN_STYLE = Automatic;
				COMBINE_HIDPI_IMAGES = YES;
				DEFINES_MODULE = YES;
				DEVELOPMENT_TEAM = A3LA43YQN5;
				DYLIB_COMPATIBILITY_VERSION = 1;
				DYLIB_CURRENT_VERSION = 1;
				DYLIB_INSTALL_NAME_BASE = "@rpath";
				FRAMEWORK_SEARCH_PATHS = "$(inherited)";
				INFOPLIST_FILE = "Cutlass-macOS/Info.plist";
				INSTALL_PATH = "$(LOCAL_LIBRARY_DIR)/Frameworks";
				LD_RUNPATH_SEARCH_PATHS = (
					"$(inherited)",
					"@executable_path/../Frameworks",
					"@loader_path/Frameworks",
				);
				MODULEMAP_FILE = "${SRCROOT}/Cutlass.modulemap";
				PRODUCT_BUNDLE_IDENTIFIER = com.chimerasw.Cutlass;
				PRODUCT_NAME = "${PROJECT_NAME}";
				SKIP_INSTALL = YES;
				SWIFT_VERSION = 5.0;
			};
			name = Release;
		};
		46229658246DF14200A3ED6D /* Debug */ = {
			isa = XCBuildConfiguration;
			buildSettings = {
				ALWAYS_EMBED_SWIFT_STANDARD_LIBRARIES = YES;
				CODE_SIGN_STYLE = Automatic;
				COMBINE_HIDPI_IMAGES = YES;
				DEVELOPMENT_TEAM = A3LA43YQN5;
				FRAMEWORK_SEARCH_PATHS = (
					"$(inherited)",
					"$(PROJECT_DIR)/Frameworks/Flynn-releases/macOS",
				);
				INFOPLIST_FILE = CutlassTests/Info.plist;
				LD_RUNPATH_SEARCH_PATHS = (
					"$(inherited)",
					"@executable_path/../Frameworks",
					"@loader_path/../Frameworks",
				);
				PRODUCT_BUNDLE_IDENTIFIER = com.chimerasw.CutlassTests;
				PRODUCT_NAME = "$(TARGET_NAME)";
				SWIFT_VERSION = 5.0;
			};
			name = Debug;
		};
		46229659246DF14200A3ED6D /* Release */ = {
			isa = XCBuildConfiguration;
			buildSettings = {
				ALWAYS_EMBED_SWIFT_STANDARD_LIBRARIES = YES;
				CODE_SIGN_STYLE = Automatic;
				COMBINE_HIDPI_IMAGES = YES;
				DEVELOPMENT_TEAM = A3LA43YQN5;
				FRAMEWORK_SEARCH_PATHS = (
					"$(inherited)",
					"$(PROJECT_DIR)/Frameworks/Flynn-releases/macOS",
				);
				INFOPLIST_FILE = CutlassTests/Info.plist;
				LD_RUNPATH_SEARCH_PATHS = (
					"$(inherited)",
					"@executable_path/../Frameworks",
					"@loader_path/../Frameworks",
				);
				PRODUCT_BUNDLE_IDENTIFIER = com.chimerasw.CutlassTests;
				PRODUCT_NAME = "$(TARGET_NAME)";
				SWIFT_VERSION = 5.0;
			};
			name = Release;
		};
		466151F624731BE300F87A9B /* Debug */ = {
			isa = XCBuildConfiguration;
			buildSettings = {
				CLANG_ENABLE_MODULES = YES;
				CODE_SIGN_STYLE = Automatic;
				DEFINES_MODULE = YES;
				DEVELOPMENT_TEAM = A3LA43YQN5;
				DYLIB_COMPATIBILITY_VERSION = 1;
				DYLIB_CURRENT_VERSION = 1;
				DYLIB_INSTALL_NAME_BASE = "@rpath";
				FRAMEWORK_SEARCH_PATHS = "$(inherited)";
				INFOPLIST_FILE = "Cutlass-iOS/Info.plist";
				INSTALL_PATH = "$(LOCAL_LIBRARY_DIR)/Frameworks";
				IPHONEOS_DEPLOYMENT_TARGET = 12.0;
				LD_RUNPATH_SEARCH_PATHS = (
					"$(inherited)",
					"@executable_path/Frameworks",
					"@loader_path/Frameworks",
				);
				MODULEMAP_FILE = "${SRCROOT}/Cutlass.modulemap";
				PRODUCT_BUNDLE_IDENTIFIER = "com.chimerasw.Cutlass-iOS";
				PRODUCT_NAME = "${PROJECT_NAME}";
				SDKROOT = iphoneos;
				SKIP_INSTALL = YES;
				SUPPORTS_MACCATALYST = NO;
				SWIFT_OPTIMIZATION_LEVEL = "-Onone";
				SWIFT_VERSION = 5.0;
				TARGETED_DEVICE_FAMILY = "1,2";
			};
			name = Debug;
		};
		466151F724731BE300F87A9B /* Release */ = {
			isa = XCBuildConfiguration;
			buildSettings = {
				CLANG_ENABLE_MODULES = YES;
				CODE_SIGN_STYLE = Automatic;
				DEFINES_MODULE = YES;
				DEVELOPMENT_TEAM = A3LA43YQN5;
				DYLIB_COMPATIBILITY_VERSION = 1;
				DYLIB_CURRENT_VERSION = 1;
				DYLIB_INSTALL_NAME_BASE = "@rpath";
				FRAMEWORK_SEARCH_PATHS = "$(inherited)";
				INFOPLIST_FILE = "Cutlass-iOS/Info.plist";
				INSTALL_PATH = "$(LOCAL_LIBRARY_DIR)/Frameworks";
				IPHONEOS_DEPLOYMENT_TARGET = 12.0;
				LD_RUNPATH_SEARCH_PATHS = (
					"$(inherited)",
					"@executable_path/Frameworks",
					"@loader_path/Frameworks",
				);
				MODULEMAP_FILE = "${SRCROOT}/Cutlass.modulemap";
				PRODUCT_BUNDLE_IDENTIFIER = "com.chimerasw.Cutlass-iOS";
				PRODUCT_NAME = "${PROJECT_NAME}";
				SDKROOT = iphoneos;
				SKIP_INSTALL = YES;
				SUPPORTS_MACCATALYST = NO;
				SWIFT_VERSION = 5.0;
				TARGETED_DEVICE_FAMILY = "1,2";
				VALIDATE_PRODUCT = YES;
			};
			name = Release;
		};
		46615205247338E100F87A9B /* Debug */ = {
			isa = XCBuildConfiguration;
			buildSettings = {
				ALWAYS_EMBED_SWIFT_STANDARD_LIBRARIES = YES;
				CODE_SIGN_STYLE = Automatic;
				DEVELOPMENT_TEAM = A3LA43YQN5;
				FRAMEWORK_SEARCH_PATHS = (
					"$(inherited)",
					"$(PROJECT_DIR)/Frameworks/Flynn-releases/iOS",
				);
				INFOPLIST_FILE = CutlassTests/Info.plist;
				IPHONEOS_DEPLOYMENT_TARGET = 12.0;
				LD_RUNPATH_SEARCH_PATHS = (
					"$(inherited)",
					"@executable_path/Frameworks",
					"@loader_path/Frameworks",
				);
				PRODUCT_BUNDLE_IDENTIFIER = "com.chimerasw.CutlassTests-iOS";
				PRODUCT_NAME = "$(TARGET_NAME)";
				SDKROOT = iphoneos;
				SWIFT_VERSION = 5.0;
				TARGETED_DEVICE_FAMILY = "1,2";
				TEST_HOST = "$(BUILT_PRODUCTS_DIR)/TestHost.app/TestHost";
			};
			name = Debug;
		};
		46615206247338E100F87A9B /* Release */ = {
			isa = XCBuildConfiguration;
			buildSettings = {
				ALWAYS_EMBED_SWIFT_STANDARD_LIBRARIES = YES;
				CODE_SIGN_STYLE = Automatic;
				DEVELOPMENT_TEAM = A3LA43YQN5;
				FRAMEWORK_SEARCH_PATHS = (
					"$(inherited)",
					"$(PROJECT_DIR)/Frameworks/Flynn-releases/iOS",
				);
				INFOPLIST_FILE = CutlassTests/Info.plist;
				IPHONEOS_DEPLOYMENT_TARGET = 12.0;
				LD_RUNPATH_SEARCH_PATHS = (
					"$(inherited)",
					"@executable_path/Frameworks",
					"@loader_path/Frameworks",
				);
				PRODUCT_BUNDLE_IDENTIFIER = "com.chimerasw.CutlassTests-iOS";
				PRODUCT_NAME = "$(TARGET_NAME)";
				SDKROOT = iphoneos;
				SWIFT_VERSION = 5.0;
				TARGETED_DEVICE_FAMILY = "1,2";
				TEST_HOST = "$(BUILT_PRODUCTS_DIR)/TestHost.app/TestHost";
				VALIDATE_PRODUCT = YES;
			};
			name = Release;
		};
		4661521E24733A6A00F87A9B /* Debug */ = {
			isa = XCBuildConfiguration;
			buildSettings = {
				ASSETCATALOG_COMPILER_APPICON_NAME = AppIcon;
				CODE_SIGN_STYLE = Automatic;
				DEVELOPMENT_ASSET_PATHS = "\"TestHost/Preview Content\"";
				DEVELOPMENT_TEAM = A3LA43YQN5;
				ENABLE_PREVIEWS = YES;
				FRAMEWORK_SEARCH_PATHS = (
					"$(inherited)",
					"$(PROJECT_DIR)/Frameworks/Flynn-releases/iOS",
				);
				INFOPLIST_FILE = TestHost/Info.plist;
				IPHONEOS_DEPLOYMENT_TARGET = 12.0;
				LD_RUNPATH_SEARCH_PATHS = (
					"$(inherited)",
					"@executable_path/Frameworks",
				);
				PRODUCT_BUNDLE_IDENTIFIER = com.chimerasw.TestHost;
				PRODUCT_NAME = "$(TARGET_NAME)";
				SDKROOT = iphoneos;
				SWIFT_VERSION = 5.0;
				TARGETED_DEVICE_FAMILY = "1,2";
			};
			name = Debug;
		};
		4661521F24733A6A00F87A9B /* Release */ = {
			isa = XCBuildConfiguration;
			buildSettings = {
				ASSETCATALOG_COMPILER_APPICON_NAME = AppIcon;
				CODE_SIGN_STYLE = Automatic;
				DEVELOPMENT_ASSET_PATHS = "\"TestHost/Preview Content\"";
				DEVELOPMENT_TEAM = A3LA43YQN5;
				ENABLE_PREVIEWS = YES;
				FRAMEWORK_SEARCH_PATHS = (
					"$(inherited)",
					"$(PROJECT_DIR)/Frameworks/Flynn-releases/iOS",
				);
				INFOPLIST_FILE = TestHost/Info.plist;
				IPHONEOS_DEPLOYMENT_TARGET = 12.0;
				LD_RUNPATH_SEARCH_PATHS = (
					"$(inherited)",
					"@executable_path/Frameworks",
				);
				PRODUCT_BUNDLE_IDENTIFIER = com.chimerasw.TestHost;
				PRODUCT_NAME = "$(TARGET_NAME)";
				SDKROOT = iphoneos;
				SWIFT_VERSION = 5.0;
				TARGETED_DEVICE_FAMILY = "1,2";
				VALIDATE_PRODUCT = YES;
			};
			name = Release;
		};
/* End XCBuildConfiguration section */

/* Begin XCConfigurationList section */
		4622963A246DF14100A3ED6D /* Build configuration list for PBXProject "Cutlass" */ = {
			isa = XCConfigurationList;
			buildConfigurations = (
				46229652246DF14200A3ED6D /* Debug */,
				46229653246DF14200A3ED6D /* Release */,
			);
			defaultConfigurationIsVisible = 0;
			defaultConfigurationName = Release;
		};
		46229654246DF14200A3ED6D /* Build configuration list for PBXNativeTarget "Cutlass-macOS" */ = {
			isa = XCConfigurationList;
			buildConfigurations = (
				46229655246DF14200A3ED6D /* Debug */,
				46229656246DF14200A3ED6D /* Release */,
			);
			defaultConfigurationIsVisible = 0;
			defaultConfigurationName = Release;
		};
		46229657246DF14200A3ED6D /* Build configuration list for PBXNativeTarget "CutlassTests-macOS" */ = {
			isa = XCConfigurationList;
			buildConfigurations = (
				46229658246DF14200A3ED6D /* Debug */,
				46229659246DF14200A3ED6D /* Release */,
			);
			defaultConfigurationIsVisible = 0;
			defaultConfigurationName = Release;
		};
		466151F524731BE300F87A9B /* Build configuration list for PBXNativeTarget "Cutlass-iOS" */ = {
			isa = XCConfigurationList;
			buildConfigurations = (
				466151F624731BE300F87A9B /* Debug */,
				466151F724731BE300F87A9B /* Release */,
			);
			defaultConfigurationIsVisible = 0;
			defaultConfigurationName = Release;
		};
		46615204247338E100F87A9B /* Build configuration list for PBXNativeTarget "CutlassTests-iOS" */ = {
			isa = XCConfigurationList;
			buildConfigurations = (
				46615205247338E100F87A9B /* Debug */,
				46615206247338E100F87A9B /* Release */,
			);
			defaultConfigurationIsVisible = 0;
			defaultConfigurationName = Release;
		};
		4661521D24733A6A00F87A9B /* Build configuration list for PBXNativeTarget "TestHost" */ = {
			isa = XCConfigurationList;
			buildConfigurations = (
				4661521E24733A6A00F87A9B /* Debug */,
				4661521F24733A6A00F87A9B /* Release */,
			);
			defaultConfigurationIsVisible = 0;
			defaultConfigurationName = Release;
		};
/* End XCConfigurationList section */

/* Begin XCRemoteSwiftPackageReference section */
		46B8A331248E03830076973B /* XCRemoteSwiftPackageReference "flynn" */ = {
			isa = XCRemoteSwiftPackageReference;
			repositoryURL = "https://github.com/KittyMac/flynn";
			requirement = {
				branch = master;
				kind = branch;
			};
		};
/* End XCRemoteSwiftPackageReference section */

/* Begin XCSwiftPackageProductDependency section */
		46B8A332248E03830076973B /* Flynn */ = {
			isa = XCSwiftPackageProductDependency;
			package = 46B8A331248E03830076973B /* XCRemoteSwiftPackageReference "flynn" */;
			productName = Flynn;
		};
		46B8A334248E038B0076973B /* Flynn */ = {
			isa = XCSwiftPackageProductDependency;
			package = 46B8A331248E03830076973B /* XCRemoteSwiftPackageReference "flynn" */;
			productName = Flynn;
		};
/* End XCSwiftPackageProductDependency section */
	};
	rootObject = 46229637246DF14100A3ED6D /* Project object */;
}
